PODS:
  - FDWaveformView (0.3.1)
  - SCSiriWaveformView (1.0.3)

DEPENDENCIES:
  - FDWaveformView
  - SCSiriWaveformView

SPEC CHECKSUMS:
  FDWaveformView: 9d641a95bc0abd8af27cac4c973b015735d916f0
  SCSiriWaveformView: b8b2756af42addcd31900c3945f24edafefb5395

PODFILE CHECKSUM: f8712e2fccf447dcb584c14574d443a2eba34ed8

COCOAPODS: 1.0.0.beta.8
